
Microsoft Visual Studio Solution File, Format Version 12.00
# Visual Studio 14
VisualStudioVersion = 14.0.24720.0
MinimumVisualStudioVersion = 10.0.40219.1
Project("{FAE04EC0-301F-11D3-BF4B-00C04F79EFBC}") = "AR_Classroom", "AR_Classroom\AR_Classroom\AR_Classroom.csproj", "{E704CD33-84A6-4FD7-8331-AA0F2AAB66BC}"
EndProject
Project("{FAE04EC0-301F-11D3-BF4B-00C04F79EFBC}") = "AR_Classroom.Droid", "AR_Classroom\AR_Classroom.Droid\AR_Classroom.Droid.csproj", "{D32B2B27-422E-4E79-A373-AC5244CBF035}"
EndProject
Project("{FAE04EC0-301F-11D3-BF4B-00C04F79EFBC}") = "AR_Classroom.iOS", "AR_Classroom\AR_Classroom.iOS\AR_Classroom.iOS.csproj", "{78DAEB32-F6D3-46A9-8B71-A6970EB5895D}"
EndProject
Project("{FAE04EC0-301F-11D3-BF4B-00C04F79EFBC}") = "AR_Classroom.WinPhone", "AR_Classroom\AR_Classroom.WinPhone\AR_Classroom.WinPhone.csproj", "{54AF3836-BF45-4134-9B27-FDE30256E02E}"
EndProject
Project("{FAE04EC0-301F-11D3-BF4B-00C04F79EFBC}") = "AR_Classroom.Windows", "AR_Classroom\AR_Classroom.Windows\AR_Classroom.Windows.csproj", "{93234010-48BC-412D-8D50-784444BDCE53}"
EndProject
Global
	GlobalSection(SolutionConfigurationPlatforms) = preSolution
		Ad-Hoc|Any CPU = Ad-Hoc|Any CPU
		Ad-Hoc|ARM = Ad-Hoc|ARM
		Ad-Hoc|iPhone = Ad-Hoc|iPhone
		Ad-Hoc|iPhoneSimulator = Ad-Hoc|iPhoneSimulator
		Ad-Hoc|x64 = Ad-Hoc|x64
		Ad-Hoc|x86 = Ad-Hoc|x86
		AppStore|Any CPU = AppStore|Any CPU
		AppStore|ARM = AppStore|ARM
		AppStore|iPhone = AppStore|iPhone
		AppStore|iPhoneSimulator = AppStore|iPhoneSimulator
		AppStore|x64 = AppStore|x64
		AppStore|x86 = AppStore|x86
		Debug|Any CPU = Debug|Any CPU
		Debug|ARM = Debug|ARM
		Debug|iPhone = Debug|iPhone
		Debug|iPhoneSimulator = Debug|iPhoneSimulator
		Debug|x64 = Debug|x64
		Debug|x86 = Debug|x86
		Release|Any CPU = Release|Any CPU
		Release|ARM = Release|ARM
		Release|iPhone = Release|iPhone
		Release|iPhoneSimulator = Release|iPhoneSimulator
		Release|x64 = Release|x64
		Release|x86 = Release|x86
	EndGlobalSection
	GlobalSection(ProjectConfigurationPlatforms) = postSolution
		{E704CD33-84A6-4FD7-8331-AA0F2AAB66BC}.Ad-Hoc|Any CPU.ActiveCfg = Release|Any CPU
		{E704CD33-84A6-4FD7-8331-AA0F2AAB66BC}.Ad-Hoc|Any CPU.Build.0 = Release|Any CPU
		{E704CD33-84A6-4FD7-8331-AA0F2AAB66BC}.Ad-Hoc|ARM.ActiveCfg = Release|Any CPU
		{E704CD33-84A6-4FD7-8331-AA0F2AAB66BC}.Ad-Hoc|ARM.Build.0 = Release|Any CPU
		{E704CD33-84A6-4FD7-8331-AA0F2AAB66BC}.Ad-Hoc|iPhone.ActiveCfg = Release|Any CPU
		{E704CD33-84A6-4FD7-8331-AA0F2AAB66BC}.Ad-Hoc|iPhone.Build.0 = Release|Any CPU
		{E704CD33-84A6-4FD7-8331-AA0F2AAB66BC}.Ad-Hoc|iPhoneSimulator.ActiveCfg = Release|Any CPU
		{E704CD33-84A6-4FD7-8331-AA0F2AAB66BC}.Ad-Hoc|iPhoneSimulator.Build.0 = Release|Any CPU
		{E704CD33-84A6-4FD7-8331-AA0F2AAB66BC}.Ad-Hoc|x64.ActiveCfg = Release|Any CPU
		{E704CD33-84A6-4FD7-8331-AA0F2AAB66BC}.Ad-Hoc|x64.Build.0 = Release|Any CPU
		{E704CD33-84A6-4FD7-8331-AA0F2AAB66BC}.Ad-Hoc|x86.ActiveCfg = Release|Any CPU
		{E704CD33-84A6-4FD7-8331-AA0F2AAB66BC}.Ad-Hoc|x86.Build.0 = Release|Any CPU
		{E704CD33-84A6-4FD7-8331-AA0F2AAB66BC}.AppStore|Any CPU.ActiveCfg = Release|Any CPU
		{E704CD33-84A6-4FD7-8331-AA0F2AAB66BC}.AppStore|Any CPU.Build.0 = Release|Any CPU
		{E704CD33-84A6-4FD7-8331-AA0F2AAB66BC}.AppStore|ARM.ActiveCfg = Release|Any CPU
		{E704CD33-84A6-4FD7-8331-AA0F2AAB66BC}.AppStore|ARM.Build.0 = Release|Any CPU
		{E704CD33-84A6-4FD7-8331-AA0F2AAB66BC}.AppStore|iPhone.ActiveCfg = Release|Any CPU
		{E704CD33-84A6-4FD7-8331-AA0F2AAB66BC}.AppStore|iPhone.Build.0 = Release|Any CPU
		{E704CD33-84A6-4FD7-8331-AA0F2AAB66BC}.AppStore|iPhoneSimulator.ActiveCfg = Release|Any CPU
		{E704CD33-84A6-4FD7-8331-AA0F2AAB66BC}.AppStore|iPhoneSimulator.Build.0 = Release|Any CPU
		{E704CD33-84A6-4FD7-8331-AA0F2AAB66BC}.AppStore|x64.ActiveCfg = Release|Any CPU
		{E704CD33-84A6-4FD7-8331-AA0F2AAB66BC}.AppStore|x64.Build.0 = Release|Any CPU
		{E704CD33-84A6-4FD7-8331-AA0F2AAB66BC}.AppStore|x86.ActiveCfg = Release|Any CPU
		{E704CD33-84A6-4FD7-8331-AA0F2AAB66BC}.AppStore|x86.Build.0 = Release|Any CPU
		{E704CD33-84A6-4FD7-8331-AA0F2AAB66BC}.Debug|Any CPU.ActiveCfg = Debug|Any CPU
		{E704CD33-84A6-4FD7-8331-AA0F2AAB66BC}.Debug|Any CPU.Build.0 = Debug|Any CPU
		{E704CD33-84A6-4FD7-8331-AA0F2AAB66BC}.Debug|ARM.ActiveCfg = Debug|Any CPU
		{E704CD33-84A6-4FD7-8331-AA0F2AAB66BC}.Debug|ARM.Build.0 = Debug|Any CPU
		{E704CD33-84A6-4FD7-8331-AA0F2AAB66BC}.Debug|iPhone.ActiveCfg = Debug|Any CPU
		{E704CD33-84A6-4FD7-8331-AA0F2AAB66BC}.Debug|iPhone.Build.0 = Debug|Any CPU
		{E704CD33-84A6-4FD7-8331-AA0F2AAB66BC}.Debug|iPhoneSimulator.ActiveCfg = Debug|Any CPU
		{E704CD33-84A6-4FD7-8331-AA0F2AAB66BC}.Debug|iPhoneSimulator.Build.0 = Debug|Any CPU
		{E704CD33-84A6-4FD7-8331-AA0F2AAB66BC}.Debug|x64.ActiveCfg = Debug|Any CPU
		{E704CD33-84A6-4FD7-8331-AA0F2AAB66BC}.Debug|x64.Build.0 = Debug|Any CPU
		{E704CD33-84A6-4FD7-8331-AA0F2AAB66BC}.Debug|x86.ActiveCfg = Debug|Any CPU
		{E704CD33-84A6-4FD7-8331-AA0F2AAB66BC}.Debug|x86.Build.0 = Debug|Any CPU
		{E704CD33-84A6-4FD7-8331-AA0F2AAB66BC}.Release|Any CPU.ActiveCfg = Release|Any CPU
		{E704CD33-84A6-4FD7-8331-AA0F2AAB66BC}.Release|Any CPU.Build.0 = Release|Any CPU
		{E704CD33-84A6-4FD7-8331-AA0F2AAB66BC}.Release|ARM.ActiveCfg = Release|Any CPU
		{E704CD33-84A6-4FD7-8331-AA0F2AAB66BC}.Release|ARM.Build.0 = Release|Any CPU
		{E704CD33-84A6-4FD7-8331-AA0F2AAB66BC}.Release|iPhone.ActiveCfg = Release|Any CPU
		{E704CD33-84A6-4FD7-8331-AA0F2AAB66BC}.Release|iPhone.Build.0 = Release|Any CPU
		{E704CD33-84A6-4FD7-8331-AA0F2AAB66BC}.Release|iPhoneSimulator.ActiveCfg = Release|Any CPU
		{E704CD33-84A6-4FD7-8331-AA0F2AAB66BC}.Release|iPhoneSimulator.Build.0 = Release|Any CPU
		{E704CD33-84A6-4FD7-8331-AA0F2AAB66BC}.Release|x64.ActiveCfg = Release|Any CPU
		{E704CD33-84A6-4FD7-8331-AA0F2AAB66BC}.Release|x64.Build.0 = Release|Any CPU
		{E704CD33-84A6-4FD7-8331-AA0F2AAB66BC}.Release|x86.ActiveCfg = Release|Any CPU
		{E704CD33-84A6-4FD7-8331-AA0F2AAB66BC}.Release|x86.Build.0 = Release|Any CPU
		{D32B2B27-422E-4E79-A373-AC5244CBF035}.Ad-Hoc|Any CPU.ActiveCfg = Release|Any CPU
		{D32B2B27-422E-4E79-A373-AC5244CBF035}.Ad-Hoc|Any CPU.Build.0 = Release|Any CPU
		{D32B2B27-422E-4E79-A373-AC5244CBF035}.Ad-Hoc|Any CPU.Deploy.0 = Release|Any CPU
		{D32B2B27-422E-4E79-A373-AC5244CBF035}.Ad-Hoc|ARM.ActiveCfg = Release|Any CPU
		{D32B2B27-422E-4E79-A373-AC5244CBF035}.Ad-Hoc|ARM.Build.0 = Release|Any CPU
		{D32B2B27-422E-4E79-A373-AC5244CBF035}.Ad-Hoc|ARM.Deploy.0 = Release|Any CPU
		{D32B2B27-422E-4E79-A373-AC5244CBF035}.Ad-Hoc|iPhone.ActiveCfg = Release|Any CPU
		{D32B2B27-422E-4E79-A373-AC5244CBF035}.Ad-Hoc|iPhone.Build.0 = Release|Any CPU
		{D32B2B27-422E-4E79-A373-AC5244CBF035}.Ad-Hoc|iPhone.Deploy.0 = Release|Any CPU
		{D32B2B27-422E-4E79-A373-AC5244CBF035}.Ad-Hoc|iPhoneSimulator.ActiveCfg = Release|Any CPU
		{D32B2B27-422E-4E79-A373-AC5244CBF035}.Ad-Hoc|iPhoneSimulator.Build.0 = Release|Any CPU
		{D32B2B27-422E-4E79-A373-AC5244CBF035}.Ad-Hoc|iPhoneSimulator.Deploy.0 = Release|Any CPU
		{D32B2B27-422E-4E79-A373-AC5244CBF035}.Ad-Hoc|x64.ActiveCfg = Release|Any CPU
		{D32B2B27-422E-4E79-A373-AC5244CBF035}.Ad-Hoc|x64.Build.0 = Release|Any CPU
		{D32B2B27-422E-4E79-A373-AC5244CBF035}.Ad-Hoc|x64.Deploy.0 = Release|Any CPU
		{D32B2B27-422E-4E79-A373-AC5244CBF035}.Ad-Hoc|x86.ActiveCfg = Release|Any CPU
		{D32B2B27-422E-4E79-A373-AC5244CBF035}.Ad-Hoc|x86.Build.0 = Release|Any CPU
		{D32B2B27-422E-4E79-A373-AC5244CBF035}.Ad-Hoc|x86.Deploy.0 = Release|Any CPU
		{D32B2B27-422E-4E79-A373-AC5244CBF035}.AppStore|Any CPU.ActiveCfg = Release|Any CPU
		{D32B2B27-422E-4E79-A373-AC5244CBF035}.AppStore|Any CPU.Build.0 = Release|Any CPU
		{D32B2B27-422E-4E79-A373-AC5244CBF035}.AppStore|Any CPU.Deploy.0 = Release|Any CPU
		{D32B2B27-422E-4E79-A373-AC5244CBF035}.AppStore|ARM.ActiveCfg = Release|Any CPU
		{D32B2B27-422E-4E79-A373-AC5244CBF035}.AppStore|ARM.Build.0 = Release|Any CPU
		{D32B2B27-422E-4E79-A373-AC5244CBF035}.AppStore|ARM.Deploy.0 = Release|Any CPU
		{D32B2B27-422E-4E79-A373-AC5244CBF035}.AppStore|iPhone.ActiveCfg = Release|Any CPU
		{D32B2B27-422E-4E79-A373-AC5244CBF035}.AppStore|iPhone.Build.0 = Release|Any CPU
		{D32B2B27-422E-4E79-A373-AC5244CBF035}.AppStore|iPhone.Deploy.0 = Release|Any CPU
		{D32B2B27-422E-4E79-A373-AC5244CBF035}.AppStore|iPhoneSimulator.ActiveCfg = Release|Any CPU
		{D32B2B27-422E-4E79-A373-AC5244CBF035}.AppStore|iPhoneSimulator.Build.0 = Release|Any CPU
		{D32B2B27-422E-4E79-A373-AC5244CBF035}.AppStore|iPhoneSimulator.Deploy.0 = Release|Any CPU
		{D32B2B27-422E-4E79-A373-AC5244CBF035}.AppStore|x64.ActiveCfg = Release|Any CPU
		{D32B2B27-422E-4E79-A373-AC5244CBF035}.AppStore|x64.Build.0 = Release|Any CPU
		{D32B2B27-422E-4E79-A373-AC5244CBF035}.AppStore|x64.Deploy.0 = Release|Any CPU
		{D32B2B27-422E-4E79-A373-AC5244CBF035}.AppStore|x86.ActiveCfg = Release|Any CPU
		{D32B2B27-422E-4E79-A373-AC5244CBF035}.AppStore|x86.Build.0 = Release|Any CPU
		{D32B2B27-422E-4E79-A373-AC5244CBF035}.AppStore|x86.Deploy.0 = Release|Any CPU
		{D32B2B27-422E-4E79-A373-AC5244CBF035}.Debug|Any CPU.ActiveCfg = Debug|Any CPU
		{D32B2B27-422E-4E79-A373-AC5244CBF035}.Debug|Any CPU.Build.0 = Debug|Any CPU
		{D32B2B27-422E-4E79-A373-AC5244CBF035}.Debug|Any CPU.Deploy.0 = Debug|Any CPU
		{D32B2B27-422E-4E79-A373-AC5244CBF035}.Debug|ARM.ActiveCfg = Debug|Any CPU
		{D32B2B27-422E-4E79-A373-AC5244CBF035}.Debug|ARM.Build.0 = Debug|Any CPU
		{D32B2B27-422E-4E79-A373-AC5244CBF035}.Debug|ARM.Deploy.0 = Debug|Any CPU
		{D32B2B27-422E-4E79-A373-AC5244CBF035}.Debug|iPhone.ActiveCfg = Debug|Any CPU
		{D32B2B27-422E-4E79-A373-AC5244CBF035}.Debug|iPhone.Build.0 = Debug|Any CPU
		{D32B2B27-422E-4E79-A373-AC5244CBF035}.Debug|iPhone.Deploy.0 = Debug|Any CPU
		{D32B2B27-422E-4E79-A373-AC5244CBF035}.Debug|iPhoneSimulator.ActiveCfg = Debug|Any CPU
		{D32B2B27-422E-4E79-A373-AC5244CBF035}.Debug|iPhoneSimulator.Build.0 = Debug|Any CPU
		{D32B2B27-422E-4E79-A373-AC5244CBF035}.Debug|iPhoneSimulator.Deploy.0 = Debug|Any CPU
		{D32B2B27-422E-4E79-A373-AC5244CBF035}.Debug|x64.ActiveCfg = Debug|Any CPU
		{D32B2B27-422E-4E79-A373-AC5244CBF035}.Debug|x64.Build.0 = Debug|Any CPU
		{D32B2B27-422E-4E79-A373-AC5244CBF035}.Debug|x64.Deploy.0 = Debug|Any CPU
		{D32B2B27-422E-4E79-A373-AC5244CBF035}.Debug|x86.ActiveCfg = Debug|Any CPU
		{D32B2B27-422E-4E79-A373-AC5244CBF035}.Debug|x86.Build.0 = Debug|Any CPU
		{D32B2B27-422E-4E79-A373-AC5244CBF035}.Debug|x86.Deploy.0 = Debug|Any CPU
		{D32B2B27-422E-4E79-A373-AC5244CBF035}.Release|Any CPU.ActiveCfg = Release|Any CPU
		{D32B2B27-422E-4E79-A373-AC5244CBF035}.Release|Any CPU.Build.0 = Release|Any CPU
		{D32B2B27-422E-4E79-A373-AC5244CBF035}.Release|Any CPU.Deploy.0 = Release|Any CPU
		{D32B2B27-422E-4E79-A373-AC5244CBF035}.Release|ARM.ActiveCfg = Release|Any CPU
		{D32B2B27-422E-4E79-A373-AC5244CBF035}.Release|ARM.Build.0 = Release|Any CPU
		{D32B2B27-422E-4E79-A373-AC5244CBF035}.Release|ARM.Deploy.0 = Release|Any CPU
		{D32B2B27-422E-4E79-A373-AC5244CBF035}.Release|iPhone.ActiveCfg = Release|Any CPU
		{D32B2B27-422E-4E79-A373-AC5244CBF035}.Release|iPhone.Build.0 = Release|Any CPU
		{D32B2B27-422E-4E79-A373-AC5244CBF035}.Release|iPhone.Deploy.0 = Release|Any CPU
		{D32B2B27-422E-4E79-A373-AC5244CBF035}.Release|iPhoneSimulator.ActiveCfg = Release|Any CPU
		{D32B2B27-422E-4E79-A373-AC5244CBF035}.Release|iPhoneSimulator.Build.0 = Release|Any CPU
		{D32B2B27-422E-4E79-A373-AC5244CBF035}.Release|iPhoneSimulator.Deploy.0 = Release|Any CPU
		{D32B2B27-422E-4E79-A373-AC5244CBF035}.Release|x64.ActiveCfg = Release|Any CPU
		{D32B2B27-422E-4E79-A373-AC5244CBF035}.Release|x64.Build.0 = Release|Any CPU
		{D32B2B27-422E-4E79-A373-AC5244CBF035}.Release|x64.Deploy.0 = Release|Any CPU
		{D32B2B27-422E-4E79-A373-AC5244CBF035}.Release|x86.ActiveCfg = Release|Any CPU
		{D32B2B27-422E-4E79-A373-AC5244CBF035}.Release|x86.Build.0 = Release|Any CPU
		{D32B2B27-422E-4E79-A373-AC5244CBF035}.Release|x86.Deploy.0 = Release|Any CPU
		{78DAEB32-F6D3-46A9-8B71-A6970EB5895D}.Ad-Hoc|Any CPU.ActiveCfg = Ad-Hoc|iPhone
		{78DAEB32-F6D3-46A9-8B71-A6970EB5895D}.Ad-Hoc|ARM.ActiveCfg = Ad-Hoc|iPhone
		{78DAEB32-F6D3-46A9-8B71-A6970EB5895D}.Ad-Hoc|iPhone.ActiveCfg = Ad-Hoc|iPhone
		{78DAEB32-F6D3-46A9-8B71-A6970EB5895D}.Ad-Hoc|iPhone.Build.0 = Ad-Hoc|iPhone
		{78DAEB32-F6D3-46A9-8B71-A6970EB5895D}.Ad-Hoc|iPhoneSimulator.ActiveCfg = Ad-Hoc|iPhoneSimulator
		{78DAEB32-F6D3-46A9-8B71-A6970EB5895D}.Ad-Hoc|iPhoneSimulator.Build.0 = Ad-Hoc|iPhoneSimulator
		{78DAEB32-F6D3-46A9-8B71-A6970EB5895D}.Ad-Hoc|x64.ActiveCfg = Ad-Hoc|iPhone
		{78DAEB32-F6D3-46A9-8B71-A6970EB5895D}.Ad-Hoc|x86.ActiveCfg = Ad-Hoc|iPhone
		{78DAEB32-F6D3-46A9-8B71-A6970EB5895D}.AppStore|Any CPU.ActiveCfg = AppStore|iPhone
		{78DAEB32-F6D3-46A9-8B71-A6970EB5895D}.AppStore|ARM.ActiveCfg = AppStore|iPhone
		{78DAEB32-F6D3-46A9-8B71-A6970EB5895D}.AppStore|iPhone.ActiveCfg = AppStore|iPhone
		{78DAEB32-F6D3-46A9-8B71-A6970EB5895D}.AppStore|iPhone.Build.0 = AppStore|iPhone
		{78DAEB32-F6D3-46A9-8B71-A6970EB5895D}.AppStore|iPhoneSimulator.ActiveCfg = AppStore|iPhoneSimulator
		{78DAEB32-F6D3-46A9-8B71-A6970EB5895D}.AppStore|iPhoneSimulator.Build.0 = AppStore|iPhoneSimulator
		{78DAEB32-F6D3-46A9-8B71-A6970EB5895D}.AppStore|x64.ActiveCfg = AppStore|iPhone
		{78DAEB32-F6D3-46A9-8B71-A6970EB5895D}.AppStore|x86.ActiveCfg = AppStore|iPhone
		{78DAEB32-F6D3-46A9-8B71-A6970EB5895D}.Debug|Any CPU.ActiveCfg = Debug|iPhone
		{78DAEB32-F6D3-46A9-8B71-A6970EB5895D}.Debug|ARM.ActiveCfg = Debug|iPhone
		{78DAEB32-F6D3-46A9-8B71-A6970EB5895D}.Debug|iPhone.ActiveCfg = Debug|iPhone
		{78DAEB32-F6D3-46A9-8B71-A6970EB5895D}.Debug|iPhone.Build.0 = Debug|iPhone
		{78DAEB32-F6D3-46A9-8B71-A6970EB5895D}.Debug|iPhoneSimulator.ActiveCfg = Debug|iPhoneSimulator
		{78DAEB32-F6D3-46A9-8B71-A6970EB5895D}.Debug|iPhoneSimulator.Build.0 = Debug|iPhoneSimulator
		{78DAEB32-F6D3-46A9-8B71-A6970EB5895D}.Debug|x64.ActiveCfg = Debug|iPhone
		{78DAEB32-F6D3-46A9-8B71-A6970EB5895D}.Debug|x86.ActiveCfg = Debug|iPhone
		{78DAEB32-F6D3-46A9-8B71-A6970EB5895D}.Release|Any CPU.ActiveCfg = Release|iPhone
		{78DAEB32-F6D3-46A9-8B71-A6970EB5895D}.Release|ARM.ActiveCfg = Release|iPhone
		{78DAEB32-F6D3-46A9-8B71-A6970EB5895D}.Release|iPhone.ActiveCfg = Release|iPhone
		{78DAEB32-F6D3-46A9-8B71-A6970EB5895D}.Release|iPhone.Build.0 = Release|iPhone
		{78DAEB32-F6D3-46A9-8B71-A6970EB5895D}.Release|iPhoneSimulator.ActiveCfg = Release|iPhoneSimulator
		{78DAEB32-F6D3-46A9-8B71-A6970EB5895D}.Release|iPhoneSimulator.Build.0 = Release|iPhoneSimulator
		{78DAEB32-F6D3-46A9-8B71-A6970EB5895D}.Release|x64.ActiveCfg = Release|iPhone
		{78DAEB32-F6D3-46A9-8B71-A6970EB5895D}.Release|x86.ActiveCfg = Release|iPhone
		{54AF3836-BF45-4134-9B27-FDE30256E02E}.Ad-Hoc|Any CPU.ActiveCfg = Release|Any CPU
		{54AF3836-BF45-4134-9B27-FDE30256E02E}.Ad-Hoc|Any CPU.Build.0 = Release|Any CPU
		{54AF3836-BF45-4134-9B27-FDE30256E02E}.Ad-Hoc|Any CPU.Deploy.0 = Release|Any CPU
		{54AF3836-BF45-4134-9B27-FDE30256E02E}.Ad-Hoc|ARM.ActiveCfg = Release|ARM
		{54AF3836-BF45-4134-9B27-FDE30256E02E}.Ad-Hoc|ARM.Build.0 = Release|ARM
		{54AF3836-BF45-4134-9B27-FDE30256E02E}.Ad-Hoc|ARM.Deploy.0 = Release|ARM
		{54AF3836-BF45-4134-9B27-FDE30256E02E}.Ad-Hoc|iPhone.ActiveCfg = Release|Any CPU
		{54AF3836-BF45-4134-9B27-FDE30256E02E}.Ad-Hoc|iPhone.Build.0 = Release|Any CPU
		{54AF3836-BF45-4134-9B27-FDE30256E02E}.Ad-Hoc|iPhone.Deploy.0 = Release|Any CPU
		{54AF3836-BF45-4134-9B27-FDE30256E02E}.Ad-Hoc|iPhoneSimulator.ActiveCfg = Release|Any CPU
		{54AF3836-BF45-4134-9B27-FDE30256E02E}.Ad-Hoc|iPhoneSimulator.Build.0 = Release|Any CPU
		{54AF3836-BF45-4134-9B27-FDE30256E02E}.Ad-Hoc|iPhoneSimulator.Deploy.0 = Release|Any CPU
		{54AF3836-BF45-4134-9B27-FDE30256E02E}.Ad-Hoc|x64.ActiveCfg = Release|Any CPU
		{54AF3836-BF45-4134-9B27-FDE30256E02E}.Ad-Hoc|x64.Build.0 = Release|Any CPU
		{54AF3836-BF45-4134-9B27-FDE30256E02E}.Ad-Hoc|x64.Deploy.0 = Release|Any CPU
		{54AF3836-BF45-4134-9B27-FDE30256E02E}.Ad-Hoc|x86.ActiveCfg = Release|x86
		{54AF3836-BF45-4134-9B27-FDE30256E02E}.Ad-Hoc|x86.Build.0 = Release|x86
		{54AF3836-BF45-4134-9B27-FDE30256E02E}.Ad-Hoc|x86.Deploy.0 = Release|x86
		{54AF3836-BF45-4134-9B27-FDE30256E02E}.AppStore|Any CPU.ActiveCfg = Release|Any CPU
		{54AF3836-BF45-4134-9B27-FDE30256E02E}.AppStore|Any CPU.Build.0 = Release|Any CPU
		{54AF3836-BF45-4134-9B27-FDE30256E02E}.AppStore|Any CPU.Deploy.0 = Release|Any CPU
		{54AF3836-BF45-4134-9B27-FDE30256E02E}.AppStore|ARM.ActiveCfg = Release|ARM
		{54AF3836-BF45-4134-9B27-FDE30256E02E}.AppStore|ARM.Build.0 = Release|ARM
		{54AF3836-BF45-4134-9B27-FDE30256E02E}.AppStore|ARM.Deploy.0 = Release|ARM
		{54AF3836-BF45-4134-9B27-FDE30256E02E}.AppStore|iPhone.ActiveCfg = Release|Any CPU
		{54AF3836-BF45-4134-9B27-FDE30256E02E}.AppStore|iPhone.Build.0 = Release|Any CPU
		{54AF3836-BF45-4134-9B27-FDE30256E02E}.AppStore|iPhone.Deploy.0 = Release|Any CPU
		{54AF3836-BF45-4134-9B27-FDE30256E02E}.AppStore|iPhoneSimulator.ActiveCfg = Release|Any CPU
		{54AF3836-BF45-4134-9B27-FDE30256E02E}.AppStore|iPhoneSimulator.Build.0 = Release|Any CPU
		{54AF3836-BF45-4134-9B27-FDE30256E02E}.AppStore|iPhoneSimulator.Deploy.0 = Release|Any CPU
		{54AF3836-BF45-4134-9B27-FDE30256E02E}.AppStore|x64.ActiveCfg = Release|Any CPU
		{54AF3836-BF45-4134-9B27-FDE30256E02E}.AppStore|x64.Build.0 = Release|Any CPU
		{54AF3836-BF45-4134-9B27-FDE30256E02E}.AppStore|x64.Deploy.0 = Release|Any CPU
		{54AF3836-BF45-4134-9B27-FDE30256E02E}.AppStore|x86.ActiveCfg = Release|x86
		{54AF3836-BF45-4134-9B27-FDE30256E02E}.AppStore|x86.Build.0 = Release|x86
		{54AF3836-BF45-4134-9B27-FDE30256E02E}.AppStore|x86.Deploy.0 = Release|x86
		{54AF3836-BF45-4134-9B27-FDE30256E02E}.Debug|Any CPU.ActiveCfg = Debug|Any CPU
		{54AF3836-BF45-4134-9B27-FDE30256E02E}.Debug|Any CPU.Build.0 = Debug|Any CPU
		{54AF3836-BF45-4134-9B27-FDE30256E02E}.Debug|Any CPU.Deploy.0 = Debug|Any CPU
		{54AF3836-BF45-4134-9B27-FDE30256E02E}.Debug|ARM.ActiveCfg = Debug|ARM
		{54AF3836-BF45-4134-9B27-FDE30256E02E}.Debug|ARM.Build.0 = Debug|ARM
		{54AF3836-BF45-4134-9B27-FDE30256E02E}.Debug|ARM.Deploy.0 = Debug|ARM
		{54AF3836-BF45-4134-9B27-FDE30256E02E}.Debug|iPhone.ActiveCfg = Debug|Any CPU
		{54AF3836-BF45-4134-9B27-FDE30256E02E}.Debug|iPhone.Build.0 = Debug|Any CPU
		{54AF3836-BF45-4134-9B27-FDE30256E02E}.Debug|iPhone.Deploy.0 = Debug|Any CPU
		{54AF3836-BF45-4134-9B27-FDE30256E02E}.Debug|iPhoneSimulator.ActiveCfg = Debug|Any CPU
		{54AF3836-BF45-4134-9B27-FDE30256E02E}.Debug|iPhoneSimulator.Build.0 = Debug|Any CPU
		{54AF3836-BF45-4134-9B27-FDE30256E02E}.Debug|iPhoneSimulator.Deploy.0 = Debug|Any CPU
		{54AF3836-BF45-4134-9B27-FDE30256E02E}.Debug|x64.ActiveCfg = Debug|Any CPU
		{54AF3836-BF45-4134-9B27-FDE30256E02E}.Debug|x64.Build.0 = Debug|Any CPU
		{54AF3836-BF45-4134-9B27-FDE30256E02E}.Debug|x64.Deploy.0 = Debug|Any CPU
		{54AF3836-BF45-4134-9B27-FDE30256E02E}.Debug|x86.ActiveCfg = Debug|x86
		{54AF3836-BF45-4134-9B27-FDE30256E02E}.Debug|x86.Build.0 = Debug|x86
		{54AF3836-BF45-4134-9B27-FDE30256E02E}.Debug|x86.Deploy.0 = Debug|x86
		{54AF3836-BF45-4134-9B27-FDE30256E02E}.Release|Any CPU.ActiveCfg = Release|Any CPU
		{54AF3836-BF45-4134-9B27-FDE30256E02E}.Release|Any CPU.Build.0 = Release|Any CPU
		{54AF3836-BF45-4134-9B27-FDE30256E02E}.Release|Any CPU.Deploy.0 = Release|Any CPU
		{54AF3836-BF45-4134-9B27-FDE30256E02E}.Release|ARM.ActiveCfg = Release|ARM
		{54AF3836-BF45-4134-9B27-FDE30256E02E}.Release|ARM.Build.0 = Release|ARM
		{54AF3836-BF45-4134-9B27-FDE30256E02E}.Release|ARM.Deploy.0 = Release|ARM
		{54AF3836-BF45-4134-9B27-FDE30256E02E}.Release|iPhone.ActiveCfg = Release|Any CPU
		{54AF3836-BF45-4134-9B27-FDE30256E02E}.Release|iPhone.Build.0 = Release|Any CPU
		{54AF3836-BF45-4134-9B27-FDE30256E02E}.Release|iPhone.Deploy.0 = Release|Any CPU
		{54AF3836-BF45-4134-9B27-FDE30256E02E}.Release|iPhoneSimulator.ActiveCfg = Release|Any CPU
		{54AF3836-BF45-4134-9B27-FDE30256E02E}.Release|iPhoneSimulator.Build.0 = Release|Any CPU
		{54AF3836-BF45-4134-9B27-FDE30256E02E}.Release|iPhoneSimulator.Deploy.0 = Release|Any CPU
		{54AF3836-BF45-4134-9B27-FDE30256E02E}.Release|x64.ActiveCfg = Release|Any CPU
		{54AF3836-BF45-4134-9B27-FDE30256E02E}.Release|x64.Build.0 = Release|Any CPU
		{54AF3836-BF45-4134-9B27-FDE30256E02E}.Release|x64.Deploy.0 = Release|Any CPU
		{54AF3836-BF45-4134-9B27-FDE30256E02E}.Release|x86.ActiveCfg = Release|x86
		{54AF3836-BF45-4134-9B27-FDE30256E02E}.Release|x86.Build.0 = Release|x86
		{54AF3836-BF45-4134-9B27-FDE30256E02E}.Release|x86.Deploy.0 = Release|x86
		{93234010-48BC-412D-8D50-784444BDCE53}.Ad-Hoc|Any CPU.ActiveCfg = Release|Any CPU
		{93234010-48BC-412D-8D50-784444BDCE53}.Ad-Hoc|Any CPU.Build.0 = Release|Any CPU
		{93234010-48BC-412D-8D50-784444BDCE53}.Ad-Hoc|Any CPU.Deploy.0 = Release|Any CPU
		{93234010-48BC-412D-8D50-784444BDCE53}.Ad-Hoc|ARM.ActiveCfg = Release|ARM
		{93234010-48BC-412D-8D50-784444BDCE53}.Ad-Hoc|ARM.Build.0 = Release|ARM
		{93234010-48BC-412D-8D50-784444BDCE53}.Ad-Hoc|ARM.Deploy.0 = Release|ARM
		{93234010-48BC-412D-8D50-784444BDCE53}.Ad-Hoc|iPhone.ActiveCfg = Release|Any CPU
		{93234010-48BC-412D-8D50-784444BDCE53}.Ad-Hoc|iPhone.Build.0 = Release|Any CPU
		{93234010-48BC-412D-8D50-784444BDCE53}.Ad-Hoc|iPhone.Deploy.0 = Release|Any CPU
		{93234010-48BC-412D-8D50-784444BDCE53}.Ad-Hoc|iPhoneSimulator.ActiveCfg = Release|Any CPU
		{93234010-48BC-412D-8D50-784444BDCE53}.Ad-Hoc|iPhoneSimulator.Build.0 = Release|Any CPU
		{93234010-48BC-412D-8D50-784444BDCE53}.Ad-Hoc|iPhoneSimulator.Deploy.0 = Release|Any CPU
		{93234010-48BC-412D-8D50-784444BDCE53}.Ad-Hoc|x64.ActiveCfg = Release|x64
		{93234010-48BC-412D-8D50-784444BDCE53}.Ad-Hoc|x64.Build.0 = Release|x64
		{93234010-48BC-412D-8D50-784444BDCE53}.Ad-Hoc|x64.Deploy.0 = Release|x64
		{93234010-48BC-412D-8D50-784444BDCE53}.Ad-Hoc|x86.ActiveCfg = Release|x86
		{93234010-48BC-412D-8D50-784444BDCE53}.Ad-Hoc|x86.Build.0 = Release|x86
		{93234010-48BC-412D-8D50-784444BDCE53}.Ad-Hoc|x86.Deploy.0 = Release|x86
		{93234010-48BC-412D-8D50-784444BDCE53}.AppStore|Any CPU.ActiveCfg = Release|Any CPU
		{93234010-48BC-412D-8D50-784444BDCE53}.AppStore|Any CPU.Build.0 = Release|Any CPU
		{93234010-48BC-412D-8D50-784444BDCE53}.AppStore|Any CPU.Deploy.0 = Release|Any CPU
		{93234010-48BC-412D-8D50-784444BDCE53}.AppStore|ARM.ActiveCfg = Release|ARM
		{93234010-48BC-412D-8D50-784444BDCE53}.AppStore|ARM.Build.0 = Release|ARM
		{93234010-48BC-412D-8D50-784444BDCE53}.AppStore|ARM.Deploy.0 = Release|ARM
		{93234010-48BC-412D-8D50-784444BDCE53}.AppStore|iPhone.ActiveCfg = Release|Any CPU
		{93234010-48BC-412D-8D50-784444BDCE53}.AppStore|iPhone.Build.0 = Release|Any CPU
		{93234010-48BC-412D-8D50-784444BDCE53}.AppStore|iPhone.Deploy.0 = Release|Any CPU
		{93234010-48BC-412D-8D50-784444BDCE53}.AppStore|iPhoneSimulator.ActiveCfg = Release|Any CPU
		{93234010-48BC-412D-8D50-784444BDCE53}.AppStore|iPhoneSimulator.Build.0 = Release|Any CPU
		{93234010-48BC-412D-8D50-784444BDCE53}.AppStore|iPhoneSimulator.Deploy.0 = Release|Any CPU
		{93234010-48BC-412D-8D50-784444BDCE53}.AppStore|x64.ActiveCfg = Release|x64
		{93234010-48BC-412D-8D50-784444BDCE53}.AppStore|x64.Build.0 = Release|x64
		{93234010-48BC-412D-8D50-784444BDCE53}.AppStore|x64.Deploy.0 = Release|x64
		{93234010-48BC-412D-8D50-784444BDCE53}.AppStore|x86.ActiveCfg = Release|x86
		{93234010-48BC-412D-8D50-784444BDCE53}.AppStore|x86.Build.0 = Release|x86
		{93234010-48BC-412D-8D50-784444BDCE53}.AppStore|x86.Deploy.0 = Release|x86
		{93234010-48BC-412D-8D50-784444BDCE53}.Debug|Any CPU.ActiveCfg = Debug|Any CPU
		{93234010-48BC-412D-8D50-784444BDCE53}.Debug|Any CPU.Build.0 = Debug|Any CPU
		{93234010-48BC-412D-8D50-784444BDCE53}.Debug|Any CPU.Deploy.0 = Debug|Any CPU
		{93234010-48BC-412D-8D50-784444BDCE53}.Debug|ARM.ActiveCfg = Debug|ARM
		{93234010-48BC-412D-8D50-784444BDCE53}.Debug|ARM.Build.0 = Debug|ARM
		{93234010-48BC-412D-8D50-784444BDCE53}.Debug|ARM.Deploy.0 = Debug|ARM
		{93234010-48BC-412D-8D50-784444BDCE53}.Debug|iPhone.ActiveCfg = Debug|Any CPU
		{93234010-48BC-412D-8D50-784444BDCE53}.Debug|iPhone.Build.0 = Debug|Any CPU
		{93234010-48BC-412D-8D50-784444BDCE53}.Debug|iPhone.Deploy.0 = Debug|Any CPU
		{93234010-48BC-412D-8D50-784444BDCE53}.Debug|iPhoneSimulator.ActiveCfg = Debug|Any CPU
		{93234010-48BC-412D-8D50-784444BDCE53}.Debug|iPhoneSimulator.Build.0 = Debug|Any CPU
		{93234010-48BC-412D-8D50-784444BDCE53}.Debug|iPhoneSimulator.Deploy.0 = Debug|Any CPU
		{93234010-48BC-412D-8D50-784444BDCE53}.Debug|x64.ActiveCfg = Debug|x64
		{93234010-48BC-412D-8D50-784444BDCE53}.Debug|x64.Build.0 = Debug|x64
		{93234010-48BC-412D-8D50-784444BDCE53}.Debug|x64.Deploy.0 = Debug|x64
		{93234010-48BC-412D-8D50-784444BDCE53}.Debug|x86.ActiveCfg = Debug|x86
		{93234010-48BC-412D-8D50-784444BDCE53}.Debug|x86.Build.0 = Debug|x86
		{93234010-48BC-412D-8D50-784444BDCE53}.Debug|x86.Deploy.0 = Debug|x86
		{93234010-48BC-412D-8D50-784444BDCE53}.Release|Any CPU.ActiveCfg = Release|Any CPU
		{93234010-48BC-412D-8D50-784444BDCE53}.Release|Any CPU.Build.0 = Release|Any CPU
		{93234010-48BC-412D-8D50-784444BDCE53}.Release|Any CPU.Deploy.0 = Release|Any CPU
		{93234010-48BC-412D-8D50-784444BDCE53}.Release|ARM.ActiveCfg = Release|ARM
		{93234010-48BC-412D-8D50-784444BDCE53}.Release|ARM.Build.0 = Release|ARM
		{93234010-48BC-412D-8D50-784444BDCE53}.Release|ARM.Deploy.0 = Release|ARM
		{93234010-48BC-412D-8D50-784444BDCE53}.Release|iPhone.ActiveCfg = Release|Any CPU
		{93234010-48BC-412D-8D50-784444BDCE53}.Release|iPhone.Build.0 = Release|Any CPU
		{93234010-48BC-412D-8D50-784444BDCE53}.Release|iPhone.Deploy.0 = Release|Any CPU
		{93234010-48BC-412D-8D50-784444BDCE53}.Release|iPhoneSimulator.ActiveCfg = Release|Any CPU
		{93234010-48BC-412D-8D50-784444BDCE53}.Release|iPhoneSimulator.Build.0 = Release|Any CPU
		{93234010-48BC-412D-8D50-784444BDCE53}.Release|iPhoneSimulator.Deploy.0 = Release|Any CPU
		{93234010-48BC-412D-8D50-784444BDCE53}.Release|x64.ActiveCfg = Release|x64
		{93234010-48BC-412D-8D50-784444BDCE53}.Release|x64.Build.0 = Release|x64
		{93234010-48BC-412D-8D50-784444BDCE53}.Release|x64.Deploy.0 = Release|x64
		{93234010-48BC-412D-8D50-784444BDCE53}.Release|x86.ActiveCfg = Release|x86
		{93234010-48BC-412D-8D50-784444BDCE53}.Release|x86.Build.0 = Release|x86
		{93234010-48BC-412D-8D50-784444BDCE53}.Release|x86.Deploy.0 = Release|x86
	EndGlobalSection
	GlobalSection(SolutionProperties) = preSolution
		HideSolutionNode = FALSE
	EndGlobalSection
EndGlobal
